
Microsoft Visual Studio Solution File, Format Version 12.00
# Visual Studio Version 17
VisualStudioVersion = 17.3.32825.248
MinimumVisualStudioVersion = 10.0.40219.1
Project("{FAE04EC0-301F-11D3-BF4B-00C04F79EFBC}") = "TangoWin", "TangoWin.csproj", "{CDBA0652-F9E3-4C61-A431-73C2D5FEF240}"
EndProject
Global
	GlobalSection(SolutionConfigurationPlatforms) = preSolution
		Debug|Any CPU = Debug|Any CPU
		Debug|x64 = Debug|x64
		Debug|x86 = Debug|x86
		Release|Any CPU = Release|Any CPU
		Release|x64 = Release|x64
		Release|x86 = Release|x86
	EndGlobalSection
	GlobalSection(ProjectConfigurationPlatforms) = postSolution
		{CDBA0652-F9E3-4C61-A431-73C2D5FEF240}.Debug|Any CPU.ActiveCfg = Debug|x64
		{CDBA0652-F9E3-4C61-A431-73C2D5FEF240}.Debug|x64.ActiveCfg = Debug|x64
		{CDBA0652-F9E3-4C61-A431-73C2D5FEF240}.Debug|x64.Build.0 = Debug|x64
		{CDBA0652-F9E3-4C61-A431-73C2D5FEF240}.Debug|x86.ActiveCfg = Debug|x86
		{CDBA0652-F9E3-4C61-A431-73C2D5FEF240}.Debug|x86.Build.0 = Debug|x86
		{CDBA0652-F9E3-4C61-A431-73C2D5FEF240}.Release|Any CPU.ActiveCfg = Release|x86
		{CDBA0652-F9E3-4C61-A431-73C2D5FEF240}.Release|x64.ActiveCfg = Release|x64
		{CDBA0652-F9E3-4C61-A431-73C2D5FEF240}.Release|x64.Build.0 = Release|x64
		{CDBA0652-F9E3-4C61-A431-73C2D5FEF240}.Release|x86.ActiveCfg = Release|x86
		{CDBA0652-F9E3-4C61-A431-73C2D5FEF240}.Release|x86.Build.0 = Release|x86
	EndGlobalSection
	GlobalSection(SolutionProperties) = preSolution
		HideSolutionNode = FALSE
	EndGlobalSection
	GlobalSection(ExtensibilityGlobals) = postSolution
		SolutionGuid = {F17E9776-D557-4BBD-B7A5-BA17F00CCDBC}
	EndGlobalSection
EndGlobal
